
Microsoft Visual Studio Solution File, Format Version 12.00
# Visual Studio Version 17
VisualStudioVersion = 17.3.32825.248
MinimumVisualStudioVersion = 10.0.40219.1
Project("{FAE04EC0-301F-11D3-BF4B-00C04F79EFBC}") = "API_CRUD", "API_CRUD\API_CRUD.csproj", "{DE4F0492-FDD0-405B-AD10-73C53C0BE86C}"
EndProject
Global
	GlobalSection(SolutionConfigurationPlatforms) = preSolution
		Debug|Any CPU = Debug|Any CPU
		Release|Any CPU = Release|Any CPU
	EndGlobalSection
	GlobalSection(ProjectConfigurationPlatforms) = postSolution
		{DE4F0492-FDD0-405B-AD10-73C53C0BE86C}.Debug|Any CPU.ActiveCfg = Debug|Any CPU
		{DE4F0492-FDD0-405B-AD10-73C53C0BE86C}.Debug|Any CPU.Build.0 = Debug|Any CPU
		{DE4F0492-FDD0-405B-AD10-73C53C0BE86C}.Release|Any CPU.ActiveCfg = Release|Any CPU
		{DE4F0492-FDD0-405B-AD10-73C53C0BE86C}.Release|Any CPU.Build.0 = Release|Any CPU
	EndGlobalSection
	GlobalSection(SolutionProperties) = preSolution
		HideSolutionNode = FALSE
	EndGlobalSection
	GlobalSection(ExtensibilityGlobals) = postSolution
		SolutionGuid = {5285AA2D-CE3E-424B-B1CC-5474EC826B68}
	EndGlobalSection
EndGlobal
