
Microsoft Visual Studio Solution File, Format Version 12.00
# Visual Studio Version 17
VisualStudioVersion = 17.3.32825.248
MinimumVisualStudioVersion = 10.0.40219.1
Project("{FAE04EC0-301F-11D3-BF4B-00C04F79EFBC}") = "AplicacaoWeb", "AplicacaoWeb\AplicacaoWeb.csproj", "{577A8B05-0972-4333-90A0-D086CC840370}"
EndProject
Global
	GlobalSection(SolutionConfigurationPlatforms) = preSolution
		Debug|Any CPU = Debug|Any CPU
		Release|Any CPU = Release|Any CPU
	EndGlobalSection
	GlobalSection(ProjectConfigurationPlatforms) = postSolution
		{577A8B05-0972-4333-90A0-D086CC840370}.Debug|Any CPU.ActiveCfg = Debug|Any CPU
		{577A8B05-0972-4333-90A0-D086CC840370}.Debug|Any CPU.Build.0 = Debug|Any CPU
		{577A8B05-0972-4333-90A0-D086CC840370}.Release|Any CPU.ActiveCfg = Release|Any CPU
		{577A8B05-0972-4333-90A0-D086CC840370}.Release|Any CPU.Build.0 = Release|Any CPU
	EndGlobalSection
	GlobalSection(SolutionProperties) = preSolution
		HideSolutionNode = FALSE
	EndGlobalSection
	GlobalSection(ExtensibilityGlobals) = postSolution
		SolutionGuid = {2A315A8F-079C-4F67-863F-43CF868BA8DF}
	EndGlobalSection
EndGlobal
